
Microsoft Visual Studio Solution File, Format Version 12.00
# Visual Studio Version 16
VisualStudioVersion = 16.0.31025.194
MinimumVisualStudioVersion = 10.0.40219.1
Project("{8BC9CEB8-8B4A-11D0-8D11-00A0C91BC942}") = "RagePresence", "RagePresence\RagePresence.vcxproj", "{E41EACA3-B8DF-4116-8A2F-74CAB29037C4}"
EndProject
Project("{9A19103F-16F7-4668-BE54-9A1E7A4F7556}") = "RagePresence.SHVDN3", "RagePresence.SHVDN3\RagePresence.SHVDN3.csproj", "{4FA52DCE-CEBE-430A-BF01-99E0D01A6296}"
EndProject
Global
	GlobalSection(SolutionConfigurationPlatforms) = preSolution
		Debug|Any CPU = Debug|Any CPU
		Debug|x64 = Debug|x64
		Release|Any CPU = Release|Any CPU
		Release|x64 = Release|x64
	EndGlobalSection
	GlobalSection(ProjectConfigurationPlatforms) = postSolution
		{E41EACA3-B8DF-4116-8A2F-74CAB29037C4}.Debug|Any CPU.ActiveCfg = Debug|x64
		{E41EACA3-B8DF-4116-8A2F-74CAB29037C4}.Debug|x64.ActiveCfg = Debug|x64
		{E41EACA3-B8DF-4116-8A2F-74CAB29037C4}.Debug|x64.Build.0 = Debug|x64
		{E41EACA3-B8DF-4116-8A2F-74CAB29037C4}.Release|Any CPU.ActiveCfg = Release|x64
		{E41EACA3-B8DF-4116-8A2F-74CAB29037C4}.Release|x64.ActiveCfg = Release|x64
		{E41EACA3-B8DF-4116-8A2F-74CAB29037C4}.Release|x64.Build.0 = Release|x64
		{4FA52DCE-CEBE-430A-BF01-99E0D01A6296}.Debug|Any CPU.ActiveCfg = Debug|Any CPU
		{4FA52DCE-CEBE-430A-BF01-99E0D01A6296}.Debug|Any CPU.Build.0 = Debug|Any CPU
		{4FA52DCE-CEBE-430A-BF01-99E0D01A6296}.Debug|x64.ActiveCfg = Debug|Any CPU
		{4FA52DCE-CEBE-430A-BF01-99E0D01A6296}.Debug|x64.Build.0 = Debug|Any CPU
		{4FA52DCE-CEBE-430A-BF01-99E0D01A6296}.Release|Any CPU.ActiveCfg = Release|Any CPU
		{4FA52DCE-CEBE-430A-BF01-99E0D01A6296}.Release|Any CPU.Build.0 = Release|Any CPU
		{4FA52DCE-CEBE-430A-BF01-99E0D01A6296}.Release|x64.ActiveCfg = Release|Any CPU
		{4FA52DCE-CEBE-430A-BF01-99E0D01A6296}.Release|x64.Build.0 = Release|Any CPU
	EndGlobalSection
	GlobalSection(SolutionProperties) = preSolution
		HideSolutionNode = FALSE
	EndGlobalSection
	GlobalSection(ExtensibilityGlobals) = postSolution
		SolutionGuid = {263B23E4-6F77-4D8A-943B-B3E8B91D20E0}
	EndGlobalSection
EndGlobal
